{
  "requires": true,
  "lockfileVersion": 1,
  "dependencies": {
    "enigma-code": {
      "version": "0.0.11",
      "resolved": "https://registry.npmjs.org/enigma-code/-/enigma-code-0.0.11.tgz",
      "integrity": "sha1-IcejlQv/U0fbYAYR0dblw2AtHFI="
    },
    "log": {
      "version": "1.4.0",
      "resolved": "https://registry.npmjs.org/log/-/log-1.4.0.tgz",
      "integrity": "sha1-S6HYkP3iSbAx3KA7w36q8yVlbxw="
    },
    "uniq": {
      "version": "1.0.1",
      "resolved": "https://registry.npmjs.org/uniq/-/uniq-1.0.1.tgz",
      "integrity": "sha1-sxxa6CVIRKOoKBVBzisEuGWnNP8="
    }
  }
}
